# Generated by pub
# See https://dart.dev/tools/pub/glossary#lockfile
packages:
  ansi_escapes:
    dependency: "direct main"
    description:
      path: ".."
      relative: true
    source: path
    version: "2.0.1"
  lints:
    dependency: "direct dev"
    description:
      name: lints
      sha256: a5e2b223cb7c9c8efdc663ef484fdd95bb243bff242ef5b13e26883547fce9a0
      url: "https://pub.dev"
    source: hosted
    version: "6.0.0"
  path:
    dependency: "direct main"
    description:
      name: path
      sha256: "2ad4cddff7f5cc0e2d13069f2a3f7a73ca18f66abd6f5ecf215219cdb3638edb"
      url: "https://pub.dev"
    source: hosted
    version: "1.8.0"
sdks:
  dart: ">=3.8.0-0 <4.0.0"
